
Microsoft Visual Studio Solution File, Format Version 12.00
# Visual Studio Version 16
VisualStudioVersion = 16.0.29306.81
MinimumVisualStudioVersion = 10.0.40219.1
Project("{9A19103F-16F7-4668-BE54-9A1E7A4F7556}") = "Indicium", "Indicium\Indicium.csproj", "{2E69ACBD-88B5-4989-9738-4261E0B23B62}"
EndProject
Project("{9A19103F-16F7-4668-BE54-9A1E7A4F7556}") = "IndiciumTests", "IndiciumTests\IndiciumTests.csproj", "{89C42408-3CF5-4F9E-871C-9DCC854344EF}"
EndProject
Project("{FAE04EC0-301F-11D3-BF4B-00C04F79EFBC}") = "Indicia", "Indicia\Indicia.csproj", "{B6AD1436-33C6-4064-AEF8-272BD8FED44A}"
EndProject
Global
	GlobalSection(SolutionConfigurationPlatforms) = preSolution
		Debug|Any CPU = Debug|Any CPU
		Release|Any CPU = Release|Any CPU
	EndGlobalSection
	GlobalSection(ProjectConfigurationPlatforms) = postSolution
		{2E69ACBD-88B5-4989-9738-4261E0B23B62}.Debug|Any CPU.ActiveCfg = Debug|Any CPU
		{2E69ACBD-88B5-4989-9738-4261E0B23B62}.Debug|Any CPU.Build.0 = Debug|Any CPU
		{2E69ACBD-88B5-4989-9738-4261E0B23B62}.Release|Any CPU.ActiveCfg = Release|Any CPU
		{2E69ACBD-88B5-4989-9738-4261E0B23B62}.Release|Any CPU.Build.0 = Release|Any CPU
		{89C42408-3CF5-4F9E-871C-9DCC854344EF}.Debug|Any CPU.ActiveCfg = Debug|Any CPU
		{89C42408-3CF5-4F9E-871C-9DCC854344EF}.Debug|Any CPU.Build.0 = Debug|Any CPU
		{89C42408-3CF5-4F9E-871C-9DCC854344EF}.Release|Any CPU.ActiveCfg = Release|Any CPU
		{89C42408-3CF5-4F9E-871C-9DCC854344EF}.Release|Any CPU.Build.0 = Release|Any CPU
		{B6AD1436-33C6-4064-AEF8-272BD8FED44A}.Debug|Any CPU.ActiveCfg = Debug|Any CPU
		{B6AD1436-33C6-4064-AEF8-272BD8FED44A}.Debug|Any CPU.Build.0 = Debug|Any CPU
		{B6AD1436-33C6-4064-AEF8-272BD8FED44A}.Release|Any CPU.ActiveCfg = Release|Any CPU
		{B6AD1436-33C6-4064-AEF8-272BD8FED44A}.Release|Any CPU.Build.0 = Release|Any CPU
	EndGlobalSection
	GlobalSection(SolutionProperties) = preSolution
		HideSolutionNode = FALSE
	EndGlobalSection
	GlobalSection(ExtensibilityGlobals) = postSolution
		SolutionGuid = {DEB808CC-2F16-4082-8733-674D122DDF21}
	EndGlobalSection
EndGlobal
